
Microsoft Visual Studio Solution File, Format Version 12.00
# Visual Studio Version 17
VisualStudioVersion = 17.2.32630.192
MinimumVisualStudioVersion = 10.0.40219.1
Project("{2150E333-8FDC-42A3-9474-1A3956D46DE8}") = "Solution Items", "Solution Items", "{EC031A07-DC9D-4486-B18A-B5E9371C854E}"
	ProjectSection(SolutionItems) = preProject
		create_schedule.bat = create_schedule.bat
		empty_temp_folder.bat = empty_temp_folder.bat
		..\Kama.Mefa.Azmoon.WebApp\publish-guide.txt = ..\Kama.Mefa.Azmoon.WebApp\publish-guide.txt
		style-guide.txt = style-guide.txt
	EndProjectSection
EndProject
Project("{FAE04EC0-301F-11D3-BF4B-00C04F79EFBC}") = "Kama.Mefa.Evaluation.WebApp", "Kama.Bonyad.Evaluation.WebApp\Kama.Mefa.Evaluation.WebApp.csproj", "{F4383CF3-25C8-458A-94A8-DAD344333F70}"
EndProject
Global
	GlobalSection(SolutionConfigurationPlatforms) = preSolution
		Debug|Any CPU = Debug|Any CPU
		Release|Any CPU = Release|Any CPU
	EndGlobalSection
	GlobalSection(ProjectConfigurationPlatforms) = postSolution
		{F4383CF3-25C8-458A-94A8-DAD344333F70}.Debug|Any CPU.ActiveCfg = Debug|Any CPU
		{F4383CF3-25C8-458A-94A8-DAD344333F70}.Debug|Any CPU.Build.0 = Debug|Any CPU
		{F4383CF3-25C8-458A-94A8-DAD344333F70}.Release|Any CPU.ActiveCfg = Release|Any CPU
		{F4383CF3-25C8-458A-94A8-DAD344333F70}.Release|Any CPU.Build.0 = Release|Any CPU
	EndGlobalSection
	GlobalSection(SolutionProperties) = preSolution
		HideSolutionNode = FALSE
	EndGlobalSection
	GlobalSection(ExtensibilityGlobals) = postSolution
		SolutionGuid = {1403A730-7F97-414A-AAFA-021DE3911C97}
	EndGlobalSection
EndGlobal
